
Microsoft Visual Studio Solution File, Format Version 12.00
# Visual Studio Version 16
VisualStudioVersion = 16.0.29326.143
MinimumVisualStudioVersion = 10.0.40219.1
Project("{A07B5EB6-E848-4116-A8D0-A826331D98C6}") = "ReliableMessaging", "ReliableMessaging\ReliableMessaging.sfproj", "{BA3E49B9-89B5-4A10-9F6D-C290BD9021DC}"
EndProject
Project("{9A19103F-16F7-4668-BE54-9A1E7A4F7556}") = "ReliableMessagingWeb", "ReliableMessagingWeb\ReliableMessagingWeb.csproj", "{34D2367D-8C01-46EF-8877-7880CDA634E8}"
EndProject
Project("{9A19103F-16F7-4668-BE54-9A1E7A4F7556}") = "ReliableMessagingState", "ReliableMessagingState\ReliableMessagingState.csproj", "{6EA85216-E70B-4767-93E6-6C9C914EB975}"
EndProject
Project("{9A19103F-16F7-4668-BE54-9A1E7A4F7556}") = "ReliableMessaging.Shared", "ReliableMessaging.Shared\ReliableMessaging.Shared.csproj", "{455F6253-E741-4C19-B4B8-D14F89A38752}"
EndProject
Project("{FAE04EC0-301F-11D3-BF4B-00C04F79EFBC}") = "ReliableMessagingServer", "ReliableMessagingServer\ReliableMessagingServer.csproj", "{C64B0638-F2B0-4977-AAB1-B8D5C4E55B1E}"
EndProject
Project("{FAE04EC0-301F-11D3-BF4B-00C04F79EFBC}") = "ReliableMessagingServer.Interfaces", "ReliableMessagingServer.Interfaces\ReliableMessagingServer.Interfaces.csproj", "{445A6222-8147-4589-9CAB-50DE18B25306}"
EndProject
Global
	GlobalSection(SolutionConfigurationPlatforms) = preSolution
		Debug|Any CPU = Debug|Any CPU
		Debug|x64 = Debug|x64
		Release|Any CPU = Release|Any CPU
		Release|x64 = Release|x64
	EndGlobalSection
	GlobalSection(ProjectConfigurationPlatforms) = postSolution
		{BA3E49B9-89B5-4A10-9F6D-C290BD9021DC}.Debug|Any CPU.ActiveCfg = Debug|x64
		{BA3E49B9-89B5-4A10-9F6D-C290BD9021DC}.Debug|x64.ActiveCfg = Debug|x64
		{BA3E49B9-89B5-4A10-9F6D-C290BD9021DC}.Debug|x64.Build.0 = Debug|x64
		{BA3E49B9-89B5-4A10-9F6D-C290BD9021DC}.Debug|x64.Deploy.0 = Debug|x64
		{BA3E49B9-89B5-4A10-9F6D-C290BD9021DC}.Release|Any CPU.ActiveCfg = Release|x64
		{BA3E49B9-89B5-4A10-9F6D-C290BD9021DC}.Release|x64.ActiveCfg = Release|x64
		{BA3E49B9-89B5-4A10-9F6D-C290BD9021DC}.Release|x64.Build.0 = Release|x64
		{BA3E49B9-89B5-4A10-9F6D-C290BD9021DC}.Release|x64.Deploy.0 = Release|x64
		{34D2367D-8C01-46EF-8877-7880CDA634E8}.Debug|Any CPU.ActiveCfg = Debug|Any CPU
		{34D2367D-8C01-46EF-8877-7880CDA634E8}.Debug|Any CPU.Build.0 = Debug|Any CPU
		{34D2367D-8C01-46EF-8877-7880CDA634E8}.Debug|x64.ActiveCfg = Debug|Any CPU
		{34D2367D-8C01-46EF-8877-7880CDA634E8}.Debug|x64.Build.0 = Debug|Any CPU
		{34D2367D-8C01-46EF-8877-7880CDA634E8}.Release|Any CPU.ActiveCfg = Release|Any CPU
		{34D2367D-8C01-46EF-8877-7880CDA634E8}.Release|Any CPU.Build.0 = Release|Any CPU
		{34D2367D-8C01-46EF-8877-7880CDA634E8}.Release|x64.ActiveCfg = Release|Any CPU
		{34D2367D-8C01-46EF-8877-7880CDA634E8}.Release|x64.Build.0 = Release|Any CPU
		{6EA85216-E70B-4767-93E6-6C9C914EB975}.Debug|Any CPU.ActiveCfg = Debug|Any CPU
		{6EA85216-E70B-4767-93E6-6C9C914EB975}.Debug|Any CPU.Build.0 = Debug|Any CPU
		{6EA85216-E70B-4767-93E6-6C9C914EB975}.Debug|x64.ActiveCfg = Debug|Any CPU
		{6EA85216-E70B-4767-93E6-6C9C914EB975}.Debug|x64.Build.0 = Debug|Any CPU
		{6EA85216-E70B-4767-93E6-6C9C914EB975}.Release|Any CPU.ActiveCfg = Release|Any CPU
		{6EA85216-E70B-4767-93E6-6C9C914EB975}.Release|Any CPU.Build.0 = Release|Any CPU
		{6EA85216-E70B-4767-93E6-6C9C914EB975}.Release|x64.ActiveCfg = Release|Any CPU
		{6EA85216-E70B-4767-93E6-6C9C914EB975}.Release|x64.Build.0 = Release|Any CPU
		{455F6253-E741-4C19-B4B8-D14F89A38752}.Debug|Any CPU.ActiveCfg = Debug|Any CPU
		{455F6253-E741-4C19-B4B8-D14F89A38752}.Debug|Any CPU.Build.0 = Debug|Any CPU
		{455F6253-E741-4C19-B4B8-D14F89A38752}.Debug|x64.ActiveCfg = Debug|Any CPU
		{455F6253-E741-4C19-B4B8-D14F89A38752}.Debug|x64.Build.0 = Debug|Any CPU
		{455F6253-E741-4C19-B4B8-D14F89A38752}.Release|Any CPU.ActiveCfg = Release|Any CPU
		{455F6253-E741-4C19-B4B8-D14F89A38752}.Release|Any CPU.Build.0 = Release|Any CPU
		{455F6253-E741-4C19-B4B8-D14F89A38752}.Release|x64.ActiveCfg = Release|Any CPU
		{455F6253-E741-4C19-B4B8-D14F89A38752}.Release|x64.Build.0 = Release|Any CPU
		{C64B0638-F2B0-4977-AAB1-B8D5C4E55B1E}.Debug|Any CPU.ActiveCfg = Debug|Any CPU
		{C64B0638-F2B0-4977-AAB1-B8D5C4E55B1E}.Debug|Any CPU.Build.0 = Debug|Any CPU
		{C64B0638-F2B0-4977-AAB1-B8D5C4E55B1E}.Debug|x64.ActiveCfg = Debug|Any CPU
		{C64B0638-F2B0-4977-AAB1-B8D5C4E55B1E}.Debug|x64.Build.0 = Debug|Any CPU
		{C64B0638-F2B0-4977-AAB1-B8D5C4E55B1E}.Release|Any CPU.ActiveCfg = Release|Any CPU
		{C64B0638-F2B0-4977-AAB1-B8D5C4E55B1E}.Release|Any CPU.Build.0 = Release|Any CPU
		{C64B0638-F2B0-4977-AAB1-B8D5C4E55B1E}.Release|x64.ActiveCfg = Release|Any CPU
		{C64B0638-F2B0-4977-AAB1-B8D5C4E55B1E}.Release|x64.Build.0 = Release|Any CPU
		{445A6222-8147-4589-9CAB-50DE18B25306}.Debug|Any CPU.ActiveCfg = Debug|Any CPU
		{445A6222-8147-4589-9CAB-50DE18B25306}.Debug|Any CPU.Build.0 = Debug|Any CPU
		{445A6222-8147-4589-9CAB-50DE18B25306}.Debug|x64.ActiveCfg = Debug|Any CPU
		{445A6222-8147-4589-9CAB-50DE18B25306}.Debug|x64.Build.0 = Debug|Any CPU
		{445A6222-8147-4589-9CAB-50DE18B25306}.Release|Any CPU.ActiveCfg = Release|Any CPU
		{445A6222-8147-4589-9CAB-50DE18B25306}.Release|Any CPU.Build.0 = Release|Any CPU
		{445A6222-8147-4589-9CAB-50DE18B25306}.Release|x64.ActiveCfg = Release|Any CPU
		{445A6222-8147-4589-9CAB-50DE18B25306}.Release|x64.Build.0 = Release|Any CPU
	EndGlobalSection
	GlobalSection(SolutionProperties) = preSolution
		HideSolutionNode = FALSE
	EndGlobalSection
	GlobalSection(ExtensibilityGlobals) = postSolution
		SolutionGuid = {D2AF7C80-BBCD-4712-9903-5C6C19E99DCC}
	EndGlobalSection
EndGlobal
